
Microsoft Visual Studio Solution File, Format Version 12.00
# Visual Studio 15
Project("{FAE04EC0-301F-11D3-BF4B-00C04F79EFBC}") = "UnityEngine.UI", "UnityEngine.UI.csproj", "{D0D3FA4C-0E61-BB2C-3FE3-C58519D73DB8}"
EndProject
Project("{FAE04EC0-301F-11D3-BF4B-00C04F79EFBC}") = "UnityEngine.TestRunner", "UnityEngine.TestRunner.csproj", "{F1AF5C42-F709-7F20-1132-C203AC6AE34B}"
EndProject
Project("{FAE04EC0-301F-11D3-BF4B-00C04F79EFBC}") = "Unity.Mathematics", "Unity.Mathematics.csproj", "{EC569BA4-65DD-9F84-175D-3A7DBD85A053}"
EndProject
Project("{FAE04EC0-301F-11D3-BF4B-00C04F79EFBC}") = "Unity.2D.Animation.Triangle.Runtime", "Unity.2D.Animation.Triangle.Runtime.csproj", "{61975EA2-1C50-EFFD-6850-B39FDE3455A4}"
EndProject
Project("{FAE04EC0-301F-11D3-BF4B-00C04F79EFBC}") = "Unity.Timeline", "Unity.Timeline.csproj", "{9A6B21AE-E468-2C04-6ECF-1FE27A8DB56E}"
EndProject
Project("{FAE04EC0-301F-11D3-BF4B-00C04F79EFBC}") = "Unity.TextMeshPro", "Unity.TextMeshPro.csproj", "{D69EB976-C8F1-907B-47C3-D0F7078BC444}"
EndProject
Project("{FAE04EC0-301F-11D3-BF4B-00C04F79EFBC}") = "Unity.2D.Animation.Runtime", "Unity.2D.Animation.Runtime.csproj", "{C6F67B09-D773-DBA8-CD8E-AEC2D8559A2E}"
EndProject
Project("{FAE04EC0-301F-11D3-BF4B-00C04F79EFBC}") = "Unity.2D.IK.Runtime", "Unity.2D.IK.Runtime.csproj", "{EF620EF6-977E-70EC-EF44-20522D6EBB5D}"
EndProject
Project("{FAE04EC0-301F-11D3-BF4B-00C04F79EFBC}") = "Unity.2D.SpriteShape.Runtime", "Unity.2D.SpriteShape.Runtime.csproj", "{795688BA-0C75-F770-B837-52995192DF84}"
EndProject
Project("{FAE04EC0-301F-11D3-BF4B-00C04F79EFBC}") = "Unity.2D.PixelPerfect", "Unity.2D.PixelPerfect.csproj", "{388F6154-2FA1-E045-97F1-F18A9DD305BB}"
EndProject
Project("{FAE04EC0-301F-11D3-BF4B-00C04F79EFBC}") = "Assembly-CSharp", "Assembly-CSharp.csproj", "{BDD6A2DC-08D7-5795-D0CC-213286034979}"
EndProject
Project("{FAE04EC0-301F-11D3-BF4B-00C04F79EFBC}") = "Unity.2D.Common.Runtime", "Unity.2D.Common.Runtime.csproj", "{ED5847B1-DA9D-597D-E071-296133A18724}"
EndProject
Project("{FAE04EC0-301F-11D3-BF4B-00C04F79EFBC}") = "Unity.InternalAPIEngineBridge.001", "Unity.InternalAPIEngineBridge.001.csproj", "{98E00CD5-DF30-48DA-7989-7A13D213DB7C}"
EndProject
Project("{FAE04EC0-301F-11D3-BF4B-00C04F79EFBC}") = "UnityEditor.TestRunner", "UnityEditor.TestRunner.csproj", "{40BB0CB8-EF73-CB78-D5CA-88316A3A56E0}"
EndProject
Project("{FAE04EC0-301F-11D3-BF4B-00C04F79EFBC}") = "UnityEditor.UI", "UnityEditor.UI.csproj", "{CBD65AE5-AB61-4AC9-DCBB-77DB129BA184}"
EndProject
Project("{FAE04EC0-301F-11D3-BF4B-00C04F79EFBC}") = "Unity.Timeline.Editor", "Unity.Timeline.Editor.csproj", "{C54508B3-9077-BC9C-6774-84EB4F6CEEB2}"
EndProject
Project("{FAE04EC0-301F-11D3-BF4B-00C04F79EFBC}") = "Unity.VisualStudio.Editor", "Unity.VisualStudio.Editor.csproj", "{F51E9410-AF07-1CD7-7B80-8D98C10FD4EF}"
EndProject
Project("{FAE04EC0-301F-11D3-BF4B-00C04F79EFBC}") = "Unity.2D.Psdimporter.Editor", "Unity.2D.Psdimporter.Editor.csproj", "{2925C78F-9121-B04B-7A4B-3138E17361E1}"
EndProject
Project("{FAE04EC0-301F-11D3-BF4B-00C04F79EFBC}") = "Unity.2D.Animation.Editor", "Unity.2D.Animation.Editor.csproj", "{E527DD24-5B2F-8F37-FD69-B16BBAFAA66F}"
EndProject
Project("{FAE04EC0-301F-11D3-BF4B-00C04F79EFBC}") = "Unity.TextMeshPro.Editor", "Unity.TextMeshPro.Editor.csproj", "{992A1008-BB77-7251-B085-C21A9B875F9A}"
EndProject
Project("{FAE04EC0-301F-11D3-BF4B-00C04F79EFBC}") = "Unity.2D.SpriteShape.Editor", "Unity.2D.SpriteShape.Editor.csproj", "{C64450B6-971A-13C3-FA9C-BEED3E5F5193}"
EndProject
Project("{FAE04EC0-301F-11D3-BF4B-00C04F79EFBC}") = "Unity.CollabProxy.Editor", "Unity.CollabProxy.Editor.csproj", "{7031FDD1-816F-C67C-D23C-1161AD2B916B}"
EndProject
Project("{FAE04EC0-301F-11D3-BF4B-00C04F79EFBC}") = "PsdPlugin", "PsdPlugin.csproj", "{D189B897-28CD-0AB2-5488-C047AAB9F394}"
EndProject
Project("{FAE04EC0-301F-11D3-BF4B-00C04F79EFBC}") = "Unity.2D.Path.Editor", "Unity.2D.Path.Editor.csproj", "{5411C6EC-5D09-B60A-415F-A617BA781BA7}"
EndProject
Project("{FAE04EC0-301F-11D3-BF4B-00C04F79EFBC}") = "Unity.Rider.Editor", "Unity.Rider.Editor.csproj", "{FAF70A9B-940A-11A9-17B2-8CBE6566FF4A}"
EndProject
Project("{FAE04EC0-301F-11D3-BF4B-00C04F79EFBC}") = "Unity.2D.IK.Editor", "Unity.2D.IK.Editor.csproj", "{3AE77AFF-E88D-9F21-0959-B3A23B4F276F}"
EndProject
Project("{FAE04EC0-301F-11D3-BF4B-00C04F79EFBC}") = "Unity.2D.Sprite.Editor", "Unity.2D.Sprite.Editor.csproj", "{E92EFCDC-A7C6-2019-5D3B-7203C629633C}"
EndProject
Project("{FAE04EC0-301F-11D3-BF4B-00C04F79EFBC}") = "Unity.2D.Tilemap.Editor", "Unity.2D.Tilemap.Editor.csproj", "{F7A4E491-EE8C-7965-CED3-712E48C1F479}"
EndProject
Project("{FAE04EC0-301F-11D3-BF4B-00C04F79EFBC}") = "Unity.2D.PixelPerfect.Editor", "Unity.2D.PixelPerfect.Editor.csproj", "{6B5194F8-AF3B-FC95-FBB3-567BB6778975}"
EndProject
Project("{FAE04EC0-301F-11D3-BF4B-00C04F79EFBC}") = "Unity.VSCode.Editor", "Unity.VSCode.Editor.csproj", "{70F092BD-B10E-6E0C-28A2-6B3999234E32}"
EndProject
Project("{FAE04EC0-301F-11D3-BF4B-00C04F79EFBC}") = "Unity.2D.Common.Editor", "Unity.2D.Common.Editor.csproj", "{0B7133B4-87E2-6A78-A472-1269A13774C7}"
EndProject
Project("{FAE04EC0-301F-11D3-BF4B-00C04F79EFBC}") = "Unity.Mathematics.Editor", "Unity.Mathematics.Editor.csproj", "{351B45E9-6894-22DF-C3AE-B4F40551A288}"
EndProject
Project("{FAE04EC0-301F-11D3-BF4B-00C04F79EFBC}") = "Unity.InternalAPIEditorBridge.001", "Unity.InternalAPIEditorBridge.001.csproj", "{764B95A4-8164-3EA2-3CCC-1C0A0A623ACF}"
EndProject
Project("{FAE04EC0-301F-11D3-BF4B-00C04F79EFBC}") = "UnityEngine.UI", "UnityEngine.UI.Player.csproj", "{B826374B-E969-221F-69FD-7658A0353642}"
EndProject
Project("{FAE04EC0-301F-11D3-BF4B-00C04F79EFBC}") = "UnityEngine.TestRunner", "UnityEngine.TestRunner.Player.csproj", "{D39A60F2-A621-96A1-7BA7-39EE0FFC9E71}"
EndProject
Project("{FAE04EC0-301F-11D3-BF4B-00C04F79EFBC}") = "Unity.Mathematics", "Unity.Mathematics.Player.csproj", "{C127E24D-B43C-7F01-43F5-B237256F6A6B}"
EndProject
Project("{FAE04EC0-301F-11D3-BF4B-00C04F79EFBC}") = "Unity.2D.Animation.Triangle.Runtime", "Unity.2D.Animation.Triangle.Runtime.Player.csproj", "{C235EAE9-77FB-8092-2414-32CFA7C821B5}"
EndProject
Project("{FAE04EC0-301F-11D3-BF4B-00C04F79EFBC}") = "Unity.Timeline", "Unity.Timeline.Player.csproj", "{20158D9C-6ADD-820C-3CB0-BDC37142407A}"
EndProject
Project("{FAE04EC0-301F-11D3-BF4B-00C04F79EFBC}") = "Unity.TextMeshPro", "Unity.TextMeshPro.Player.csproj", "{A9ED8FEC-80E3-B6A5-91C1-695A6861033D}"
EndProject
Project("{FAE04EC0-301F-11D3-BF4B-00C04F79EFBC}") = "Unity.2D.Animation.Runtime", "Unity.2D.Animation.Runtime.Player.csproj", "{F61DBFBE-97C4-6DA9-C784-A1A7AB6DC2EC}"
EndProject
Project("{FAE04EC0-301F-11D3-BF4B-00C04F79EFBC}") = "Unity.2D.IK.Runtime", "Unity.2D.IK.Runtime.Player.csproj", "{0BDF7176-4F02-454C-B5EB-4E80FD4ECC29}"
EndProject
Project("{FAE04EC0-301F-11D3-BF4B-00C04F79EFBC}") = "Unity.2D.SpriteShape.Runtime", "Unity.2D.SpriteShape.Runtime.Player.csproj", "{59439A23-438C-F94D-1EF3-ADAEECA67AA0}"
EndProject
Project("{FAE04EC0-301F-11D3-BF4B-00C04F79EFBC}") = "Unity.2D.PixelPerfect", "Unity.2D.PixelPerfect.Player.csproj", "{BB17BC57-858B-177E-C8BC-D0DCD56B0E02}"
EndProject
Project("{FAE04EC0-301F-11D3-BF4B-00C04F79EFBC}") = "Assembly-CSharp", "Assembly-CSharp.Player.csproj", "{667152F7-5F14-78E3-4F8A-852E93BC0EE5}"
EndProject
Project("{FAE04EC0-301F-11D3-BF4B-00C04F79EFBC}") = "Unity.2D.Common.Runtime", "Unity.2D.Common.Runtime.Player.csproj", "{DA2835AF-346E-04A7-61D1-A37937EA8ADD}"
EndProject
Project("{FAE04EC0-301F-11D3-BF4B-00C04F79EFBC}") = "Unity.InternalAPIEngineBridge.001", "Unity.InternalAPIEngineBridge.001.Player.csproj", "{234AEDFC-0C9A-CF34-2D2F-8F9022C78514}"
EndProject
Global
	GlobalSection(SolutionConfigurationPlatforms) = preSolution
		Debug|Any CPU = Debug|Any CPU
		Release|Any CPU = Release|Any CPU
	EndGlobalSection
	GlobalSection(ProjectConfigurationPlatforms) = postSolution
		{D0D3FA4C-0E61-BB2C-3FE3-C58519D73DB8}.Debug|Any CPU.ActiveCfg = Debug|Any CPU
		{D0D3FA4C-0E61-BB2C-3FE3-C58519D73DB8}.Debug|Any CPU.Build.0 = Debug|Any CPU
		{D0D3FA4C-0E61-BB2C-3FE3-C58519D73DB8}.Release|Any CPU.ActiveCfg = Release|Any CPU
		{D0D3FA4C-0E61-BB2C-3FE3-C58519D73DB8}.Release|Any CPU.Build.0 = Release|Any CPU
		{F1AF5C42-F709-7F20-1132-C203AC6AE34B}.Debug|Any CPU.ActiveCfg = Debug|Any CPU
		{F1AF5C42-F709-7F20-1132-C203AC6AE34B}.Debug|Any CPU.Build.0 = Debug|Any CPU
		{F1AF5C42-F709-7F20-1132-C203AC6AE34B}.Release|Any CPU.ActiveCfg = Release|Any CPU
		{F1AF5C42-F709-7F20-1132-C203AC6AE34B}.Release|Any CPU.Build.0 = Release|Any CPU
		{EC569BA4-65DD-9F84-175D-3A7DBD85A053}.Debug|Any CPU.ActiveCfg = Debug|Any CPU
		{EC569BA4-65DD-9F84-175D-3A7DBD85A053}.Debug|Any CPU.Build.0 = Debug|Any CPU
		{EC569BA4-65DD-9F84-175D-3A7DBD85A053}.Release|Any CPU.ActiveCfg = Release|Any CPU
		{EC569BA4-65DD-9F84-175D-3A7DBD85A053}.Release|Any CPU.Build.0 = Release|Any CPU
		{61975EA2-1C50-EFFD-6850-B39FDE3455A4}.Debug|Any CPU.ActiveCfg = Debug|Any CPU
		{61975EA2-1C50-EFFD-6850-B39FDE3455A4}.Debug|Any CPU.Build.0 = Debug|Any CPU
		{61975EA2-1C50-EFFD-6850-B39FDE3455A4}.Release|Any CPU.ActiveCfg = Release|Any CPU
		{61975EA2-1C50-EFFD-6850-B39FDE3455A4}.Release|Any CPU.Build.0 = Release|Any CPU
		{9A6B21AE-E468-2C04-6ECF-1FE27A8DB56E}.Debug|Any CPU.ActiveCfg = Debug|Any CPU
		{9A6B21AE-E468-2C04-6ECF-1FE27A8DB56E}.Debug|Any CPU.Build.0 = Debug|Any CPU
		{9A6B21AE-E468-2C04-6ECF-1FE27A8DB56E}.Release|Any CPU.ActiveCfg = Release|Any CPU
		{9A6B21AE-E468-2C04-6ECF-1FE27A8DB56E}.Release|Any CPU.Build.0 = Release|Any CPU
		{D69EB976-C8F1-907B-47C3-D0F7078BC444}.Debug|Any CPU.ActiveCfg = Debug|Any CPU
		{D69EB976-C8F1-907B-47C3-D0F7078BC444}.Debug|Any CPU.Build.0 = Debug|Any CPU
		{D69EB976-C8F1-907B-47C3-D0F7078BC444}.Release|Any CPU.ActiveCfg = Release|Any CPU
		{D69EB976-C8F1-907B-47C3-D0F7078BC444}.Release|Any CPU.Build.0 = Release|Any CPU
		{C6F67B09-D773-DBA8-CD8E-AEC2D8559A2E}.Debug|Any CPU.ActiveCfg = Debug|Any CPU
		{C6F67B09-D773-DBA8-CD8E-AEC2D8559A2E}.Debug|Any CPU.Build.0 = Debug|Any CPU
		{C6F67B09-D773-DBA8-CD8E-AEC2D8559A2E}.Release|Any CPU.ActiveCfg = Release|Any CPU
		{C6F67B09-D773-DBA8-CD8E-AEC2D8559A2E}.Release|Any CPU.Build.0 = Release|Any CPU
		{EF620EF6-977E-70EC-EF44-20522D6EBB5D}.Debug|Any CPU.ActiveCfg = Debug|Any CPU
		{EF620EF6-977E-70EC-EF44-20522D6EBB5D}.Debug|Any CPU.Build.0 = Debug|Any CPU
		{EF620EF6-977E-70EC-EF44-20522D6EBB5D}.Release|Any CPU.ActiveCfg = Release|Any CPU
		{EF620EF6-977E-70EC-EF44-20522D6EBB5D}.Release|Any CPU.Build.0 = Release|Any CPU
		{795688BA-0C75-F770-B837-52995192DF84}.Debug|Any CPU.ActiveCfg = Debug|Any CPU
		{795688BA-0C75-F770-B837-52995192DF84}.Debug|Any CPU.Build.0 = Debug|Any CPU
		{795688BA-0C75-F770-B837-52995192DF84}.Release|Any CPU.ActiveCfg = Release|Any CPU
		{795688BA-0C75-F770-B837-52995192DF84}.Release|Any CPU.Build.0 = Release|Any CPU
		{388F6154-2FA1-E045-97F1-F18A9DD305BB}.Debug|Any CPU.ActiveCfg = Debug|Any CPU
		{388F6154-2FA1-E045-97F1-F18A9DD305BB}.Debug|Any CPU.Build.0 = Debug|Any CPU
		{388F6154-2FA1-E045-97F1-F18A9DD305BB}.Release|Any CPU.ActiveCfg = Release|Any CPU
		{388F6154-2FA1-E045-97F1-F18A9DD305BB}.Release|Any CPU.Build.0 = Release|Any CPU
		{BDD6A2DC-08D7-5795-D0CC-213286034979}.Debug|Any CPU.ActiveCfg = Debug|Any CPU
		{BDD6A2DC-08D7-5795-D0CC-213286034979}.Debug|Any CPU.Build.0 = Debug|Any CPU
		{BDD6A2DC-08D7-5795-D0CC-213286034979}.Release|Any CPU.ActiveCfg = Release|Any CPU
		{BDD6A2DC-08D7-5795-D0CC-213286034979}.Release|Any CPU.Build.0 = Release|Any CPU
		{ED5847B1-DA9D-597D-E071-296133A18724}.Debug|Any CPU.ActiveCfg = Debug|Any CPU
		{ED5847B1-DA9D-597D-E071-296133A18724}.Debug|Any CPU.Build.0 = Debug|Any CPU
		{ED5847B1-DA9D-597D-E071-296133A18724}.Release|Any CPU.ActiveCfg = Release|Any CPU
		{ED5847B1-DA9D-597D-E071-296133A18724}.Release|Any CPU.Build.0 = Release|Any CPU
		{98E00CD5-DF30-48DA-7989-7A13D213DB7C}.Debug|Any CPU.ActiveCfg = Debug|Any CPU
		{98E00CD5-DF30-48DA-7989-7A13D213DB7C}.Debug|Any CPU.Build.0 = Debug|Any CPU
		{98E00CD5-DF30-48DA-7989-7A13D213DB7C}.Release|Any CPU.ActiveCfg = Release|Any CPU
		{98E00CD5-DF30-48DA-7989-7A13D213DB7C}.Release|Any CPU.Build.0 = Release|Any CPU
		{40BB0CB8-EF73-CB78-D5CA-88316A3A56E0}.Debug|Any CPU.ActiveCfg = Debug|Any CPU
		{40BB0CB8-EF73-CB78-D5CA-88316A3A56E0}.Debug|Any CPU.Build.0 = Debug|Any CPU
		{40BB0CB8-EF73-CB78-D5CA-88316A3A56E0}.Release|Any CPU.ActiveCfg = Release|Any CPU
		{40BB0CB8-EF73-CB78-D5CA-88316A3A56E0}.Release|Any CPU.Build.0 = Release|Any CPU
		{CBD65AE5-AB61-4AC9-DCBB-77DB129BA184}.Debug|Any CPU.ActiveCfg = Debug|Any CPU
		{CBD65AE5-AB61-4AC9-DCBB-77DB129BA184}.Debug|Any CPU.Build.0 = Debug|Any CPU
		{CBD65AE5-AB61-4AC9-DCBB-77DB129BA184}.Release|Any CPU.ActiveCfg = Release|Any CPU
		{CBD65AE5-AB61-4AC9-DCBB-77DB129BA184}.Release|Any CPU.Build.0 = Release|Any CPU
		{C54508B3-9077-BC9C-6774-84EB4F6CEEB2}.Debug|Any CPU.ActiveCfg = Debug|Any CPU
		{C54508B3-9077-BC9C-6774-84EB4F6CEEB2}.Debug|Any CPU.Build.0 = Debug|Any CPU
		{C54508B3-9077-BC9C-6774-84EB4F6CEEB2}.Release|Any CPU.ActiveCfg = Release|Any CPU
		{C54508B3-9077-BC9C-6774-84EB4F6CEEB2}.Release|Any CPU.Build.0 = Release|Any CPU
		{F51E9410-AF07-1CD7-7B80-8D98C10FD4EF}.Debug|Any CPU.ActiveCfg = Debug|Any CPU
		{F51E9410-AF07-1CD7-7B80-8D98C10FD4EF}.Debug|Any CPU.Build.0 = Debug|Any CPU
		{F51E9410-AF07-1CD7-7B80-8D98C10FD4EF}.Release|Any CPU.ActiveCfg = Release|Any CPU
		{F51E9410-AF07-1CD7-7B80-8D98C10FD4EF}.Release|Any CPU.Build.0 = Release|Any CPU
		{2925C78F-9121-B04B-7A4B-3138E17361E1}.Debug|Any CPU.ActiveCfg = Debug|Any CPU
		{2925C78F-9121-B04B-7A4B-3138E17361E1}.Debug|Any CPU.Build.0 = Debug|Any CPU
		{2925C78F-9121-B04B-7A4B-3138E17361E1}.Release|Any CPU.ActiveCfg = Release|Any CPU
		{2925C78F-9121-B04B-7A4B-3138E17361E1}.Release|Any CPU.Build.0 = Release|Any CPU
		{E527DD24-5B2F-8F37-FD69-B16BBAFAA66F}.Debug|Any CPU.ActiveCfg = Debug|Any CPU
		{E527DD24-5B2F-8F37-FD69-B16BBAFAA66F}.Debug|Any CPU.Build.0 = Debug|Any CPU
		{E527DD24-5B2F-8F37-FD69-B16BBAFAA66F}.Release|Any CPU.ActiveCfg = Release|Any CPU
		{E527DD24-5B2F-8F37-FD69-B16BBAFAA66F}.Release|Any CPU.Build.0 = Release|Any CPU
		{992A1008-BB77-7251-B085-C21A9B875F9A}.Debug|Any CPU.ActiveCfg = Debug|Any CPU
		{992A1008-BB77-7251-B085-C21A9B875F9A}.Debug|Any CPU.Build.0 = Debug|Any CPU
		{992A1008-BB77-7251-B085-C21A9B875F9A}.Release|Any CPU.ActiveCfg = Release|Any CPU
		{992A1008-BB77-7251-B085-C21A9B875F9A}.Release|Any CPU.Build.0 = Release|Any CPU
		{C64450B6-971A-13C3-FA9C-BEED3E5F5193}.Debug|Any CPU.ActiveCfg = Debug|Any CPU
		{C64450B6-971A-13C3-FA9C-BEED3E5F5193}.Debug|Any CPU.Build.0 = Debug|Any CPU
		{C64450B6-971A-13C3-FA9C-BEED3E5F5193}.Release|Any CPU.ActiveCfg = Release|Any CPU
		{C64450B6-971A-13C3-FA9C-BEED3E5F5193}.Release|Any CPU.Build.0 = Release|Any CPU
		{7031FDD1-816F-C67C-D23C-1161AD2B916B}.Debug|Any CPU.ActiveCfg = Debug|Any CPU
		{7031FDD1-816F-C67C-D23C-1161AD2B916B}.Debug|Any CPU.Build.0 = Debug|Any CPU
		{7031FDD1-816F-C67C-D23C-1161AD2B916B}.Release|Any CPU.ActiveCfg = Release|Any CPU
		{7031FDD1-816F-C67C-D23C-1161AD2B916B}.Release|Any CPU.Build.0 = Release|Any CPU
		{D189B897-28CD-0AB2-5488-C047AAB9F394}.Debug|Any CPU.ActiveCfg = Debug|Any CPU
		{D189B897-28CD-0AB2-5488-C047AAB9F394}.Debug|Any CPU.Build.0 = Debug|Any CPU
		{D189B897-28CD-0AB2-5488-C047AAB9F394}.Release|Any CPU.ActiveCfg = Release|Any CPU
		{D189B897-28CD-0AB2-5488-C047AAB9F394}.Release|Any CPU.Build.0 = Release|Any CPU
		{5411C6EC-5D09-B60A-415F-A617BA781BA7}.Debug|Any CPU.ActiveCfg = Debug|Any CPU
		{5411C6EC-5D09-B60A-415F-A617BA781BA7}.Debug|Any CPU.Build.0 = Debug|Any CPU
		{5411C6EC-5D09-B60A-415F-A617BA781BA7}.Release|Any CPU.ActiveCfg = Release|Any CPU
		{5411C6EC-5D09-B60A-415F-A617BA781BA7}.Release|Any CPU.Build.0 = Release|Any CPU
		{FAF70A9B-940A-11A9-17B2-8CBE6566FF4A}.Debug|Any CPU.ActiveCfg = Debug|Any CPU
		{FAF70A9B-940A-11A9-17B2-8CBE6566FF4A}.Debug|Any CPU.Build.0 = Debug|Any CPU
		{FAF70A9B-940A-11A9-17B2-8CBE6566FF4A}.Release|Any CPU.ActiveCfg = Release|Any CPU
		{FAF70A9B-940A-11A9-17B2-8CBE6566FF4A}.Release|Any CPU.Build.0 = Release|Any CPU
		{3AE77AFF-E88D-9F21-0959-B3A23B4F276F}.Debug|Any CPU.ActiveCfg = Debug|Any CPU
		{3AE77AFF-E88D-9F21-0959-B3A23B4F276F}.Debug|Any CPU.Build.0 = Debug|Any CPU
		{3AE77AFF-E88D-9F21-0959-B3A23B4F276F}.Release|Any CPU.ActiveCfg = Release|Any CPU
		{3AE77AFF-E88D-9F21-0959-B3A23B4F276F}.Release|Any CPU.Build.0 = Release|Any CPU
		{E92EFCDC-A7C6-2019-5D3B-7203C629633C}.Debug|Any CPU.ActiveCfg = Debug|Any CPU
		{E92EFCDC-A7C6-2019-5D3B-7203C629633C}.Debug|Any CPU.Build.0 = Debug|Any CPU
		{E92EFCDC-A7C6-2019-5D3B-7203C629633C}.Release|Any CPU.ActiveCfg = Release|Any CPU
		{E92EFCDC-A7C6-2019-5D3B-7203C629633C}.Release|Any CPU.Build.0 = Release|Any CPU
		{F7A4E491-EE8C-7965-CED3-712E48C1F479}.Debug|Any CPU.ActiveCfg = Debug|Any CPU
		{F7A4E491-EE8C-7965-CED3-712E48C1F479}.Debug|Any CPU.Build.0 = Debug|Any CPU
		{F7A4E491-EE8C-7965-CED3-712E48C1F479}.Release|Any CPU.ActiveCfg = Release|Any CPU
		{F7A4E491-EE8C-7965-CED3-712E48C1F479}.Release|Any CPU.Build.0 = Release|Any CPU
		{6B5194F8-AF3B-FC95-FBB3-567BB6778975}.Debug|Any CPU.ActiveCfg = Debug|Any CPU
		{6B5194F8-AF3B-FC95-FBB3-567BB6778975}.Debug|Any CPU.Build.0 = Debug|Any CPU
		{6B5194F8-AF3B-FC95-FBB3-567BB6778975}.Release|Any CPU.ActiveCfg = Release|Any CPU
		{6B5194F8-AF3B-FC95-FBB3-567BB6778975}.Release|Any CPU.Build.0 = Release|Any CPU
		{70F092BD-B10E-6E0C-28A2-6B3999234E32}.Debug|Any CPU.ActiveCfg = Debug|Any CPU
		{70F092BD-B10E-6E0C-28A2-6B3999234E32}.Debug|Any CPU.Build.0 = Debug|Any CPU
		{70F092BD-B10E-6E0C-28A2-6B3999234E32}.Release|Any CPU.ActiveCfg = Release|Any CPU
		{70F092BD-B10E-6E0C-28A2-6B3999234E32}.Release|Any CPU.Build.0 = Release|Any CPU
		{0B7133B4-87E2-6A78-A472-1269A13774C7}.Debug|Any CPU.ActiveCfg = Debug|Any CPU
		{0B7133B4-87E2-6A78-A472-1269A13774C7}.Debug|Any CPU.Build.0 = Debug|Any CPU
		{0B7133B4-87E2-6A78-A472-1269A13774C7}.Release|Any CPU.ActiveCfg = Release|Any CPU
		{0B7133B4-87E2-6A78-A472-1269A13774C7}.Release|Any CPU.Build.0 = Release|Any CPU
		{351B45E9-6894-22DF-C3AE-B4F40551A288}.Debug|Any CPU.ActiveCfg = Debug|Any CPU
		{351B45E9-6894-22DF-C3AE-B4F40551A288}.Debug|Any CPU.Build.0 = Debug|Any CPU
		{351B45E9-6894-22DF-C3AE-B4F40551A288}.Release|Any CPU.ActiveCfg = Release|Any CPU
		{351B45E9-6894-22DF-C3AE-B4F40551A288}.Release|Any CPU.Build.0 = Release|Any CPU
		{764B95A4-8164-3EA2-3CCC-1C0A0A623ACF}.Debug|Any CPU.ActiveCfg = Debug|Any CPU
		{764B95A4-8164-3EA2-3CCC-1C0A0A623ACF}.Debug|Any CPU.Build.0 = Debug|Any CPU
		{764B95A4-8164-3EA2-3CCC-1C0A0A623ACF}.Release|Any CPU.ActiveCfg = Release|Any CPU
		{764B95A4-8164-3EA2-3CCC-1C0A0A623ACF}.Release|Any CPU.Build.0 = Release|Any CPU
		{B826374B-E969-221F-69FD-7658A0353642}.Debug|Any CPU.ActiveCfg = Debug|Any CPU
		{B826374B-E969-221F-69FD-7658A0353642}.Debug|Any CPU.Build.0 = Debug|Any CPU
		{B826374B-E969-221F-69FD-7658A0353642}.Release|Any CPU.ActiveCfg = Release|Any CPU
		{B826374B-E969-221F-69FD-7658A0353642}.Release|Any CPU.Build.0 = Release|Any CPU
		{D39A60F2-A621-96A1-7BA7-39EE0FFC9E71}.Debug|Any CPU.ActiveCfg = Debug|Any CPU
		{D39A60F2-A621-96A1-7BA7-39EE0FFC9E71}.Debug|Any CPU.Build.0 = Debug|Any CPU
		{D39A60F2-A621-96A1-7BA7-39EE0FFC9E71}.Release|Any CPU.ActiveCfg = Release|Any CPU
		{D39A60F2-A621-96A1-7BA7-39EE0FFC9E71}.Release|Any CPU.Build.0 = Release|Any CPU
		{C127E24D-B43C-7F01-43F5-B237256F6A6B}.Debug|Any CPU.ActiveCfg = Debug|Any CPU
		{C127E24D-B43C-7F01-43F5-B237256F6A6B}.Debug|Any CPU.Build.0 = Debug|Any CPU
		{C127E24D-B43C-7F01-43F5-B237256F6A6B}.Release|Any CPU.ActiveCfg = Release|Any CPU
		{C127E24D-B43C-7F01-43F5-B237256F6A6B}.Release|Any CPU.Build.0 = Release|Any CPU
		{C235EAE9-77FB-8092-2414-32CFA7C821B5}.Debug|Any CPU.ActiveCfg = Debug|Any CPU
		{C235EAE9-77FB-8092-2414-32CFA7C821B5}.Debug|Any CPU.Build.0 = Debug|Any CPU
		{C235EAE9-77FB-8092-2414-32CFA7C821B5}.Release|Any CPU.ActiveCfg = Release|Any CPU
		{C235EAE9-77FB-8092-2414-32CFA7C821B5}.Release|Any CPU.Build.0 = Release|Any CPU
		{20158D9C-6ADD-820C-3CB0-BDC37142407A}.Debug|Any CPU.ActiveCfg = Debug|Any CPU
		{20158D9C-6ADD-820C-3CB0-BDC37142407A}.Debug|Any CPU.Build.0 = Debug|Any CPU
		{20158D9C-6ADD-820C-3CB0-BDC37142407A}.Release|Any CPU.ActiveCfg = Release|Any CPU
		{20158D9C-6ADD-820C-3CB0-BDC37142407A}.Release|Any CPU.Build.0 = Release|Any CPU
		{A9ED8FEC-80E3-B6A5-91C1-695A6861033D}.Debug|Any CPU.ActiveCfg = Debug|Any CPU
		{A9ED8FEC-80E3-B6A5-91C1-695A6861033D}.Debug|Any CPU.Build.0 = Debug|Any CPU
		{A9ED8FEC-80E3-B6A5-91C1-695A6861033D}.Release|Any CPU.ActiveCfg = Release|Any CPU
		{A9ED8FEC-80E3-B6A5-91C1-695A6861033D}.Release|Any CPU.Build.0 = Release|Any CPU
		{F61DBFBE-97C4-6DA9-C784-A1A7AB6DC2EC}.Debug|Any CPU.ActiveCfg = Debug|Any CPU
		{F61DBFBE-97C4-6DA9-C784-A1A7AB6DC2EC}.Debug|Any CPU.Build.0 = Debug|Any CPU
		{F61DBFBE-97C4-6DA9-C784-A1A7AB6DC2EC}.Release|Any CPU.ActiveCfg = Release|Any CPU
		{F61DBFBE-97C4-6DA9-C784-A1A7AB6DC2EC}.Release|Any CPU.Build.0 = Release|Any CPU
		{0BDF7176-4F02-454C-B5EB-4E80FD4ECC29}.Debug|Any CPU.ActiveCfg = Debug|Any CPU
		{0BDF7176-4F02-454C-B5EB-4E80FD4ECC29}.Debug|Any CPU.Build.0 = Debug|Any CPU
		{0BDF7176-4F02-454C-B5EB-4E80FD4ECC29}.Release|Any CPU.ActiveCfg = Release|Any CPU
		{0BDF7176-4F02-454C-B5EB-4E80FD4ECC29}.Release|Any CPU.Build.0 = Release|Any CPU
		{59439A23-438C-F94D-1EF3-ADAEECA67AA0}.Debug|Any CPU.ActiveCfg = Debug|Any CPU
		{59439A23-438C-F94D-1EF3-ADAEECA67AA0}.Debug|Any CPU.Build.0 = Debug|Any CPU
		{59439A23-438C-F94D-1EF3-ADAEECA67AA0}.Release|Any CPU.ActiveCfg = Release|Any CPU
		{59439A23-438C-F94D-1EF3-ADAEECA67AA0}.Release|Any CPU.Build.0 = Release|Any CPU
		{BB17BC57-858B-177E-C8BC-D0DCD56B0E02}.Debug|Any CPU.ActiveCfg = Debug|Any CPU
		{BB17BC57-858B-177E-C8BC-D0DCD56B0E02}.Debug|Any CPU.Build.0 = Debug|Any CPU
		{BB17BC57-858B-177E-C8BC-D0DCD56B0E02}.Release|Any CPU.ActiveCfg = Release|Any CPU
		{BB17BC57-858B-177E-C8BC-D0DCD56B0E02}.Release|Any CPU.Build.0 = Release|Any CPU
		{667152F7-5F14-78E3-4F8A-852E93BC0EE5}.Debug|Any CPU.ActiveCfg = Debug|Any CPU
		{667152F7-5F14-78E3-4F8A-852E93BC0EE5}.Debug|Any CPU.Build.0 = Debug|Any CPU
		{667152F7-5F14-78E3-4F8A-852E93BC0EE5}.Release|Any CPU.ActiveCfg = Release|Any CPU
		{667152F7-5F14-78E3-4F8A-852E93BC0EE5}.Release|Any CPU.Build.0 = Release|Any CPU
		{DA2835AF-346E-04A7-61D1-A37937EA8ADD}.Debug|Any CPU.ActiveCfg = Debug|Any CPU
		{DA2835AF-346E-04A7-61D1-A37937EA8ADD}.Debug|Any CPU.Build.0 = Debug|Any CPU
		{DA2835AF-346E-04A7-61D1-A37937EA8ADD}.Release|Any CPU.ActiveCfg = Release|Any CPU
		{DA2835AF-346E-04A7-61D1-A37937EA8ADD}.Release|Any CPU.Build.0 = Release|Any CPU
		{234AEDFC-0C9A-CF34-2D2F-8F9022C78514}.Debug|Any CPU.ActiveCfg = Debug|Any CPU
		{234AEDFC-0C9A-CF34-2D2F-8F9022C78514}.Debug|Any CPU.Build.0 = Debug|Any CPU
		{234AEDFC-0C9A-CF34-2D2F-8F9022C78514}.Release|Any CPU.ActiveCfg = Release|Any CPU
		{234AEDFC-0C9A-CF34-2D2F-8F9022C78514}.Release|Any CPU.Build.0 = Release|Any CPU
	EndGlobalSection
	GlobalSection(SolutionProperties) = preSolution
		HideSolutionNode = FALSE
	EndGlobalSection
EndGlobal
